// !$*UTF8*$!
{
	archiveVersion = 1;
	classes = {
	};
	objectVersion = 46;
	objects = {

/* Begin PBXBuildFile section */
		DD2DE3691A2BFD9500995F9B /* Current.swift in Sources */ = {isa = PBXBuildFile; fileRef = DD2DE3681A2BFD9500995F9B /* Current.swift */; };
		DD613A2A1A204A7F000883DE /* AppDelegate.swift in Sources */ = {isa = PBXBuildFile; fileRef = DD613A291A204A7F000883DE /* AppDelegate.swift */; };
		DD613A2C1A204A7F000883DE /* ViewController.swift in Sources */ = {isa = PBXBuildFile; fileRef = DD613A2B1A204A7F000883DE /* ViewController.swift */; };
		DD613A2F1A204A7F000883DE /* Main.storyboard in Resources */ = {isa = PBXBuildFile; fileRef = DD613A2D1A204A7F000883DE /* Main.storyboard */; };
		DD613A311A204A7F000883DE /* Images.xcassets in Resources */ = {isa = PBXBuildFile; fileRef = DD613A301A204A7F000883DE /* Images.xcassets */; };
		DD613A341A204A7F000883DE /* LaunchScreen.xib in Resources */ = {isa = PBXBuildFile; fileRef = DD613A321A204A7F000883DE /* LaunchScreen.xib */; };
		DD613A401A204A7F000883DE /* StormyTests.swift in Sources */ = {isa = PBXBuildFile; fileRef = DD613A3F1A204A7F000883DE /* StormyTests.swift */; };
/* End PBXBuildFile section */

/* Begin PBXContainerItemProxy section */
		DD613A3A1A204A7F000883DE /* PBXContainerItemProxy */ = {
			isa = PBXContainerItemProxy;
			containerPortal = DD613A1C1A204A7F000883DE /* Project object */;
			proxyType = 1;
			remoteGlobalIDString = DD613A231A204A7F000883DE;
			remoteInfo = Stormy;
		};
/* End PBXContainerItemProxy section */

/* Begin PBXFileReference section */
		DD2DE3681A2BFD9500995F9B /* Current.swift */ = {isa = PBXFileReference; fileEncoding = 4; lastKnownFileType = sourcecode.swift; path = Current.swift; sourceTree = "<group>"; };
		DD613A241A204A7F000883DE /* Stormy.app */ = {isa = PBXFileReference; explicitFileType = wrapper.application; includeInIndex = 0; path = Stormy.app; sourceTree = BUILT_PRODUCTS_DIR; };
		DD613A281A204A7F000883DE /* Info.plist */ = {isa = PBXFileReference; lastKnownFileType = text.plist.xml; path = Info.plist; sourceTree = "<group>"; };
		DD613A291A204A7F000883DE /* AppDelegate.swift */ = {isa = PBXFileReference; lastKnownFileType = sourcecode.swift; path = AppDelegate.swift; sourceTree = "<group>"; };
		DD613A2B1A204A7F000883DE /* ViewController.swift */ = {isa = PBXFileReference; lastKnownFileType = sourcecode.swift; path = ViewController.swift; sourceTree = "<group>"; };
		DD613A2E1A204A7F000883DE /* Base */ = {isa = PBXFileReference; lastKnownFileType = file.storyboard; name = Base; path = Base.lproj/Main.storyboard; sourceTree = "<group>"; };
		DD613A301A204A7F000883DE /* Images.xcassets */ = {isa = PBXFileReference; lastKnownFileType = folder.assetcatalog; path = Images.xcassets; sourceTree = "<group>"; };
		DD613A331A204A7F000883DE /* Base */ = {isa = PBXFileReference; lastKnownFileType = file.xib; name = Base; path = Base.lproj/LaunchScreen.xib; sourceTree = "<group>"; };
		DD613A391A204A7F000883DE /* StormyTests.xctest */ = {isa = PBXFileReference; explicitFileType = wrapper.cfbundle; includeInIndex = 0; path = StormyTests.xctest; sourceTree = BUILT_PRODUCTS_DIR; };
		DD613A3E1A204A7F000883DE /* Info.plist */ = {isa = PBXFileReference; lastKnownFileType = text.plist.xml; path = Info.plist; sourceTree = "<group>"; };
		DD613A3F1A204A7F000883DE /* StormyTests.swift */ = {isa = PBXFileReference; lastKnownFileType = sourcecode.swift; path = StormyTests.swift; sourceTree = "<group>"; };
/* End PBXFileReference section */

/* Begin PBXFrameworksBuildPhase section */
		DD613A211A204A7F000883DE /* Frameworks */ = {
			isa = PBXFrameworksBuildPhase;
			buildActionMask = 2147483647;
			files = (
			);
			runOnlyForDeploymentPostprocessing = 0;
		};
		DD613A361A204A7F000883DE /* Frameworks */ = {
			isa = PBXFrameworksBuildPhase;
			buildActionMask = 2147483647;
			files = (
			);
			runOnlyForDeploymentPostprocessing = 0;
		};
/* End PBXFrameworksBuildPhase section */

/* Begin PBXGroup section */
		DD613A1B1A204A7F000883DE = {
			isa = PBXGroup;
			children = (
				DD613A261A204A7F000883DE /* Stormy */,
				DD613A3C1A204A7F000883DE /* StormyTests */,
				DD613A251A204A7F000883DE /* Products */,
			);
			sourceTree = "<group>";
		};
		DD613A251A204A7F000883DE /* Products */ = {
			isa = PBXGroup;
			children = (
				DD613A241A204A7F000883DE /* Stormy.app */,
				DD613A391A204A7F000883DE /* StormyTests.xctest */,
			);
			name = Products;
			sourceTree = "<group>";
		};
		DD613A261A204A7F000883DE /* Stormy */ = {
			isa = PBXGroup;
			children = (
				DD613A291A204A7F000883DE /* AppDelegate.swift */,
				DD613A2B1A204A7F000883DE /* ViewController.swift */,
				DD2DE3681A2BFD9500995F9B /* Current.swift */,
				DD613A2D1A204A7F000883DE /* Main.storyboard */,
				DD613A301A204A7F000883DE /* Images.xcassets */,
				DD613A321A204A7F000883DE /* LaunchScreen.xib */,
				DD613A271A204A7F000883DE /* Supporting Files */,
			);
			path = Stormy;
			sourceTree = "<group>";
		};
		DD613A271A204A7F000883DE /* Supporting Files */ = {
			isa = PBXGroup;
			children = (
				DD613A281A204A7F000883DE /* Info.plist */,
			);
			name = "Supporting Files";
			sourceTree = "<group>";
		};
		DD613A3C1A204A7F000883DE /* StormyTests */ = {
			isa = PBXGroup;
			children = (
				DD613A3F1A204A7F000883DE /* StormyTests.swift */,
				DD613A3D1A204A7F000883DE /* Supporting Files */,
			);
			path = StormyTests;
			sourceTree = "<group>";
		};
		DD613A3D1A204A7F000883DE /* Supporting Files */ = {
			isa = PBXGroup;
			children = (
				DD613A3E1A204A7F000883DE /* Info.plist */,
			);
			name = "Supporting Files";
			sourceTree = "<group>";
		};
/* End PBXGroup section */

/* Begin PBXNativeTarget section */
		DD613A231A204A7F000883DE /* Stormy */ = {
			isa = PBXNativeTarget;
			buildConfigurationList = DD613A431A204A7F000883DE /* Build configuration list for PBXNativeTarget "Stormy" */;
			buildPhases = (
				DD613A201A204A7F000883DE /* Sources */,
				DD613A211A204A7F000883DE /* Frameworks */,
				DD613A221A204A7F000883DE /* Resources */,
			);
			buildRules = (
			);
			dependencies = (
			);
			name = Stormy;
			productName = Stormy;
			productReference = DD613A241A204A7F000883DE /* Stormy.app */;
			productType = "com.apple.product-type.application";
		};
		DD613A381A204A7F000883DE /* StormyTests */ = {
			isa = PBXNativeTarget;
			buildConfigurationList = DD613A461A204A7F000883DE /* Build configuration list for PBXNativeTarget "StormyTests" */;
			buildPhases = (
				DD613A351A204A7F000883DE /* Sources */,
				DD613A361A204A7F000883DE /* Frameworks */,
				DD613A371A204A7F000883DE /* Resources */,
			);
			buildRules = (
			);
			dependencies = (
				DD613A3B1A204A7F000883DE /* PBXTargetDependency */,
			);
			name = StormyTests;
			productName = StormyTests;
			productReference = DD613A391A204A7F000883DE /* StormyTests.xctest */;
			productType = "com.apple.product-type.bundle.unit-test";
		};
/* End PBXNativeTarget section */

/* Begin PBXProject section */
		DD613A1C1A204A7F000883DE /* Project object */ = {
			isa = PBXProject;
			attributes = {
				LastUpgradeCheck = 0610;
				ORGANIZATIONNAME = teamtreehouse;
				TargetAttributes = {
					DD613A231A204A7F000883DE = {
						CreatedOnToolsVersion = 6.1;
					};
					DD613A381A204A7F000883DE = {
						CreatedOnToolsVersion = 6.1;
						TestTargetID = DD613A231A204A7F000883DE;
					};
				};
			};
			buildConfigurationList = DD613A1F1A204A7F000883DE /* Build configuration list for PBXProject "Stormy" */;
			compatibilityVersion = "Xcode 3.2";
			developmentRegion = English;
			hasScannedForEncodings = 0;
			knownRegions = (
				en,
				Base,
			);
			mainGroup = DD613A1B1A204A7F000883DE;
			productRefGroup = DD613A251A204A7F000883DE /* Products */;
			projectDirPath = "";
			projectRoot = "";
			targets = (
				DD613A231A204A7F000883DE /* Stormy */,
				DD613A381A204A7F000883DE /* StormyTests */,
			);
		};
/* End PBXProject section */

/* Begin PBXResourcesBuildPhase section */
		DD613A221A204A7F000883DE /* Resources */ = {
			isa = PBXResourcesBuildPhase;
			buildActionMask = 2147483647;
			files = (
				DD613A2F1A204A7F000883DE /* Main.storyboard in Resources */,
				DD613A341A204A7F000883DE /* LaunchScreen.xib in Resources */,
				DD613A311A204A7F000883DE /* Images.xcassets in Resources */,
			);
			runOnlyForDeploymentPostprocessing = 0;
		};
		DD613A371A204A7F000883DE /* Resources */ = {
			isa = PBXResourcesBuildPhase;
			buildActionMask = 2147483647;
			files = (
			);
			runOnlyForDeploymentPostprocessing = 0;
		};
/* End PBXResourcesBuildPhase section */

/* Begin PBXSourcesBuildPhase section */
		DD613A201A204A7F000883DE /* Sources */ = {
			isa = PBXSourcesBuildPhase;
			buildActionMask = 2147483647;
			files = (
				DD2DE3691A2BFD9500995F9B /* Current.swift in Sources */,
				DD613A2C1A204A7F000883DE /* ViewController.swift in Sources */,
				DD613A2A1A204A7F000883DE /* AppDelegate.swift in Sources */,
			);
			runOnlyForDeploymentPostprocessing = 0;
		};
		DD613A351A204A7F000883DE /* Sources */ = {
			isa = PBXSourcesBuildPhase;
			buildActionMask = 2147483647;
			files = (
				DD613A401A204A7F000883DE /* StormyTests.swift in Sources */,
			);
			runOnlyForDeploymentPostprocessing = 0;
		};
/* End PBXSourcesBuildPhase section */

/* Begin PBXTargetDependency section */
		DD613A3B1A204A7F000883DE /* PBXTargetDependency */ = {
			isa = PBXTargetDependency;
			target = DD613A231A204A7F000883DE /* Stormy */;
			targetProxy = DD613A3A1A204A7F000883DE /* PBXContainerItemProxy */;
		};
/* End PBXTargetDependency section */

/* Begin PBXVariantGroup section */
		DD613A2D1A204A7F000883DE /* Main.storyboard */ = {
			isa = PBXVariantGroup;
			children = (
				DD613A2E1A204A7F000883DE /* Base */,
			);
			name = Main.storyboard;
			sourceTree = "<group>";
		};
		DD613A321A204A7F000883DE /* LaunchScreen.xib */ = {
			isa = PBXVariantGroup;
			children = (
				DD613A331A204A7F000883DE /* Base */,
			);
			name = LaunchScreen.xib;
			sourceTree = "<group>";
		};
/* End PBXVariantGroup section */

/* Begin XCBuildConfiguration section */
		DD613A411A204A7F000883DE /* Debug */ = {
			isa = XCBuildConfiguration;
			buildSettings = {
				ALWAYS_SEARCH_USER_PATHS = NO;
				CLANG_CXX_LANGUAGE_STANDARD = "gnu++0x";
				CLANG_CXX_LIBRARY = "libc++";
				CLANG_ENABLE_MODULES = YES;
				CLANG_ENABLE_OBJC_ARC = YES;
				CLANG_WARN_BOOL_CONVERSION = YES;
				CLANG_WARN_CONSTANT_CONVERSION = YES;
				CLANG_WARN_DIRECT_OBJC_ISA_USAGE = YES_ERROR;
				CLANG_WARN_EMPTY_BODY = YES;
				CLANG_WARN_ENUM_CONVERSION = YES;
				CLANG_WARN_INT_CONVERSION = YES;
				CLANG_WARN_OBJC_ROOT_CLASS = YES_ERROR;
				CLANG_WARN_UNREACHABLE_CODE = YES;
				CLANG_WARN__DUPLICATE_METHOD_MATCH = YES;
				"CODE_SIGN_IDENTITY[sdk=iphoneos*]" = "iPhone Developer";
				COPY_PHASE_STRIP = NO;
				ENABLE_STRICT_OBJC_MSGSEND = YES;
				GCC_C_LANGUAGE_STANDARD = gnu99;
				GCC_DYNAMIC_NO_PIC = NO;
				GCC_OPTIMIZATION_LEVEL = 0;
				GCC_PREPROCESSOR_DEFINITIONS = (
					"DEBUG=1",
					"$(inherited)",
				);
				GCC_SYMBOLS_PRIVATE_EXTERN = NO;
				GCC_WARN_64_TO_32_BIT_CONVERSION = YES;
				GCC_WARN_ABOUT_RETURN_TYPE = YES_ERROR;
				GCC_WARN_UNDECLARED_SELECTOR = YES;
				GCC_WARN_UNINITIALIZED_AUTOS = YES_AGGRESSIVE;
				GCC_WARN_UNUSED_FUNCTION = YES;
				GCC_WARN_UNUSED_VARIABLE = YES;
				IPHONEOS_DEPLOYMENT_TARGET = 8.1;
				MTL_ENABLE_DEBUG_INFO = YES;
				ONLY_ACTIVE_ARCH = YES;
				SDKROOT = iphoneos;
				SWIFT_OPTIMIZATION_LEVEL = "-Onone";
			};
			name = Debug;
		};
		DD613A421A204A7F000883DE /* Release */ = {
			isa = XCBuildConfiguration;
			buildSettings = {
				ALWAYS_SEARCH_USER_PATHS = NO;
				CLANG_CXX_LANGUAGE_STANDARD = "gnu++0x";
				CLANG_CXX_LIBRARY = "libc++";
				CLANG_ENABLE_MODULES = YES;
				CLANG_ENABLE_OBJC_ARC = YES;
				CLANG_WARN_BOOL_CONVERSION = YES;
				CLANG_WARN_CONSTANT_CONVERSION = YES;
				CLANG_WARN_DIRECT_OBJC_ISA_USAGE = YES_ERROR;
				CLANG_WARN_EMPTY_BODY = YES;
				CLANG_WARN_ENUM_CONVERSION = YES;
				CLANG_WARN_INT_CONVERSION = YES;
				CLANG_WARN_OBJC_ROOT_CLASS = YES_ERROR;
				CLANG_WARN_UNREACHABLE_CODE = YES;
				CLANG_WARN__DUPLICATE_METHOD_MATCH = YES;
				"CODE_SIGN_IDENTITY[sdk=iphoneos*]" = "iPhone Developer";
				COPY_PHASE_STRIP = YES;
				ENABLE_NS_ASSERTIONS = NO;
				ENABLE_STRICT_OBJC_MSGSEND = YES;
				GCC_C_LANGUAGE_STANDARD = gnu99;
				GCC_WARN_64_TO_32_BIT_CONVERSION = YES;
				GCC_WARN_ABOUT_RETURN_TYPE = YES_ERROR;
				GCC_WARN_UNDECLARED_SELECTOR = YES;
				GCC_WARN_UNINITIALIZED_AUTOS = YES_AGGRESSIVE;
				GCC_WARN_UNUSED_FUNCTION = YES;
				GCC_WARN_UNUSED_VARIABLE = YES;
				IPHONEOS_DEPLOYMENT_TARGET = 8.1;
				MTL_ENABLE_DEBUG_INFO = NO;
				SDKROOT = iphoneos;
				VALIDATE_PRODUCT = YES;
			};
			name = Release;
		};
		DD613A441A204A7F000883DE /* Debug */ = {
			isa = XCBuildConfiguration;
			buildSettings = {
				ASSETCATALOG_COMPILER_APPICON_NAME = AppIcon;
				INFOPLIST_FILE = Stormy/Info.plist;
				LD_RUNPATH_SEARCH_PATHS = "$(inherited) @executable_path/Frameworks";
				PRODUCT_NAME = "$(TARGET_NAME)";
			};
			name = Debug;
		};
		DD613A451A204A7F000883DE /* Release */ = {
			isa = XCBuildConfiguration;
			buildSettings = {
				ASSETCATALOG_COMPILER_APPICON_NAME = AppIcon;
				INFOPLIST_FILE = Stormy/Info.plist;
				LD_RUNPATH_SEARCH_PATHS = "$(inherited) @executable_path/Frameworks";
				PRODUCT_NAME = "$(TARGET_NAME)";
			};
			name = Release;
		};
		DD613A471A204A7F000883DE /* Debug */ = {
			isa = XCBuildConfiguration;
			buildSettings = {
				BUNDLE_LOADER = "$(TEST_HOST)";
				FRAMEWORK_SEARCH_PATHS = (
					"$(SDKROOT)/Developer/Library/Frameworks",
					"$(inherited)",
				);
				GCC_PREPROCESSOR_DEFINITIONS = (
					"DEBUG=1",
					"$(inherited)",
				);
				INFOPLIST_FILE = StormyTests/Info.plist;
				LD_RUNPATH_SEARCH_PATHS = "$(inherited) @executable_path/Frameworks @loader_path/Frameworks";
				PRODUCT_NAME = "$(TARGET_NAME)";
				TEST_HOST = "$(BUILT_PRODUCTS_DIR)/Stormy.app/Stormy";
			};
			name = Debug;
		};
		DD613A481A204A7F000883DE /* Release */ = {
			isa = XCBuildConfiguration;
			buildSettings = {
				BUNDLE_LOADER = "$(TEST_HOST)";
				FRAMEWORK_SEARCH_PATHS = (
					"$(SDKROOT)/Developer/Library/Frameworks",
					"$(inherited)",
				);
				INFOPLIST_FILE = StormyTests/Info.plist;
				LD_RUNPATH_SEARCH_PATHS = "$(inherited) @executable_path/Frameworks @loader_path/Frameworks";
				PRODUCT_NAME = "$(TARGET_NAME)";
				TEST_HOST = "$(BUILT_PRODUCTS_DIR)/Stormy.app/Stormy";
			};
			name = Release;
		};
/* End XCBuildConfiguration section */

/* Begin XCConfigurationList section */
		DD613A1F1A204A7F000883DE /* Build configuration list for PBXProject "Stormy" */ = {
			isa = XCConfigurationList;
			buildConfigurations = (
				DD613A411A204A7F000883DE /* Debug */,
				DD613A421A204A7F000883DE /* Release */,
			);
			defaultConfigurationIsVisible = 0;
			defaultConfigurationName = Release;
		};
		DD613A431A204A7F000883DE /* Build configuration list for PBXNativeTarget "Stormy" */ = {
			isa = XCConfigurationList;
			buildConfigurations = (
				DD613A441A204A7F000883DE /* Debug */,
				DD613A451A204A7F000883DE /* Release */,
			);
			defaultConfigurationIsVisible = 0;
			defaultConfigurationName = Release;
		};
		DD613A461A204A7F000883DE /* Build configuration list for PBXNativeTarget "StormyTests" */ = {
			isa = XCConfigurationList;
			buildConfigurations = (
				DD613A471A204A7F000883DE /* Debug */,
				DD613A481A204A7F000883DE /* Release */,
			);
			defaultConfigurationIsVisible = 0;
			defaultConfigurationName = Release;
		};
/* End XCConfigurationList section */
	};
	rootObject = DD613A1C1A204A7F000883DE /* Project object */;
}
