// !$*UTF8*$!
{
	archiveVersion = 1;
	classes = {
	};
	objectVersion = 46;
	objects = {

/* Begin PBXBuildFile section */
		DD19096B1A3B895300D2ABCB /* main.m in Sources */ = {isa = PBXBuildFile; fileRef = DD19096A1A3B895300D2ABCB /* main.m */; };
		DD19096E1A3B895300D2ABCB /* AppDelegate.m in Sources */ = {isa = PBXBuildFile; fileRef = DD19096D1A3B895300D2ABCB /* AppDelegate.m */; };
		DD1909711A3B895300D2ABCB /* ViewController.m in Sources */ = {isa = PBXBuildFile; fileRef = DD1909701A3B895300D2ABCB /* ViewController.m */; };
		DD1909741A3B895300D2ABCB /* Main.storyboard in Resources */ = {isa = PBXBuildFile; fileRef = DD1909721A3B895300D2ABCB /* Main.storyboard */; };
		DD1909761A3B895300D2ABCB /* Images.xcassets in Resources */ = {isa = PBXBuildFile; fileRef = DD1909751A3B895300D2ABCB /* Images.xcassets */; };
		DD1909791A3B895300D2ABCB /* LaunchScreen.xib in Resources */ = {isa = PBXBuildFile; fileRef = DD1909771A3B895300D2ABCB /* LaunchScreen.xib */; };
		DD1909851A3B895300D2ABCB /* Dr_PocketTests.m in Sources */ = {isa = PBXBuildFile; fileRef = DD1909841A3B895300D2ABCB /* Dr_PocketTests.m */; };
/* End PBXBuildFile section */

/* Begin PBXContainerItemProxy section */
		DD19097F1A3B895300D2ABCB /* PBXContainerItemProxy */ = {
			isa = PBXContainerItemProxy;
			containerPortal = DD19095D1A3B895300D2ABCB /* Project object */;
			proxyType = 1;
			remoteGlobalIDString = DD1909641A3B895300D2ABCB;
			remoteInfo = Dr.Pocket;
		};
/* End PBXContainerItemProxy section */

/* Begin PBXFileReference section */
		DD1909651A3B895300D2ABCB /* Dr.Pocket.app */ = {isa = PBXFileReference; explicitFileType = wrapper.application; includeInIndex = 0; path = Dr.Pocket.app; sourceTree = BUILT_PRODUCTS_DIR; };
		DD1909691A3B895300D2ABCB /* Info.plist */ = {isa = PBXFileReference; lastKnownFileType = text.plist.xml; path = Info.plist; sourceTree = "<group>"; };
		DD19096A1A3B895300D2ABCB /* main.m */ = {isa = PBXFileReference; lastKnownFileType = sourcecode.c.objc; path = main.m; sourceTree = "<group>"; };
		DD19096C1A3B895300D2ABCB /* AppDelegate.h */ = {isa = PBXFileReference; lastKnownFileType = sourcecode.c.h; path = AppDelegate.h; sourceTree = "<group>"; };
		DD19096D1A3B895300D2ABCB /* AppDelegate.m */ = {isa = PBXFileReference; lastKnownFileType = sourcecode.c.objc; path = AppDelegate.m; sourceTree = "<group>"; };
		DD19096F1A3B895300D2ABCB /* ViewController.h */ = {isa = PBXFileReference; lastKnownFileType = sourcecode.c.h; path = ViewController.h; sourceTree = "<group>"; };
		DD1909701A3B895300D2ABCB /* ViewController.m */ = {isa = PBXFileReference; lastKnownFileType = sourcecode.c.objc; path = ViewController.m; sourceTree = "<group>"; };
		DD1909731A3B895300D2ABCB /* Base */ = {isa = PBXFileReference; lastKnownFileType = file.storyboard; name = Base; path = Base.lproj/Main.storyboard; sourceTree = "<group>"; };
		DD1909751A3B895300D2ABCB /* Images.xcassets */ = {isa = PBXFileReference; lastKnownFileType = folder.assetcatalog; path = Images.xcassets; sourceTree = "<group>"; };
		DD1909781A3B895300D2ABCB /* Base */ = {isa = PBXFileReference; lastKnownFileType = file.xib; name = Base; path = Base.lproj/LaunchScreen.xib; sourceTree = "<group>"; };
		DD19097E1A3B895300D2ABCB /* Dr.PocketTests.xctest */ = {isa = PBXFileReference; explicitFileType = wrapper.cfbundle; includeInIndex = 0; path = Dr.PocketTests.xctest; sourceTree = BUILT_PRODUCTS_DIR; };
		DD1909831A3B895300D2ABCB /* Info.plist */ = {isa = PBXFileReference; lastKnownFileType = text.plist.xml; path = Info.plist; sourceTree = "<group>"; };
		DD1909841A3B895300D2ABCB /* Dr_PocketTests.m */ = {isa = PBXFileReference; lastKnownFileType = sourcecode.c.objc; path = Dr_PocketTests.m; sourceTree = "<group>"; };
/* End PBXFileReference section */

/* Begin PBXFrameworksBuildPhase section */
		DD1909621A3B895300D2ABCB /* Frameworks */ = {
			isa = PBXFrameworksBuildPhase;
			buildActionMask = 2147483647;
			files = (
			);
			runOnlyForDeploymentPostprocessing = 0;
		};
		DD19097B1A3B895300D2ABCB /* Frameworks */ = {
			isa = PBXFrameworksBuildPhase;
			buildActionMask = 2147483647;
			files = (
			);
			runOnlyForDeploymentPostprocessing = 0;
		};
/* End PBXFrameworksBuildPhase section */

/* Begin PBXGroup section */
		DD19095C1A3B895300D2ABCB = {
			isa = PBXGroup;
			children = (
				DD1909671A3B895300D2ABCB /* Dr.Pocket */,
				DD1909811A3B895300D2ABCB /* Dr.PocketTests */,
				DD1909661A3B895300D2ABCB /* Products */,
			);
			sourceTree = "<group>";
		};
		DD1909661A3B895300D2ABCB /* Products */ = {
			isa = PBXGroup;
			children = (
				DD1909651A3B895300D2ABCB /* Dr.Pocket.app */,
				DD19097E1A3B895300D2ABCB /* Dr.PocketTests.xctest */,
			);
			name = Products;
			sourceTree = "<group>";
		};
		DD1909671A3B895300D2ABCB /* Dr.Pocket */ = {
			isa = PBXGroup;
			children = (
				DD19096C1A3B895300D2ABCB /* AppDelegate.h */,
				DD19096D1A3B895300D2ABCB /* AppDelegate.m */,
				DD19096F1A3B895300D2ABCB /* ViewController.h */,
				DD1909701A3B895300D2ABCB /* ViewController.m */,
				DD1909721A3B895300D2ABCB /* Main.storyboard */,
				DD1909751A3B895300D2ABCB /* Images.xcassets */,
				DD1909771A3B895300D2ABCB /* LaunchScreen.xib */,
				DD1909681A3B895300D2ABCB /* Supporting Files */,
			);
			path = Dr.Pocket;
			sourceTree = "<group>";
		};
		DD1909681A3B895300D2ABCB /* Supporting Files */ = {
			isa = PBXGroup;
			children = (
				DD1909691A3B895300D2ABCB /* Info.plist */,
				DD19096A1A3B895300D2ABCB /* main.m */,
			);
			name = "Supporting Files";
			sourceTree = "<group>";
		};
		DD1909811A3B895300D2ABCB /* Dr.PocketTests */ = {
			isa = PBXGroup;
			children = (
				DD1909841A3B895300D2ABCB /* Dr_PocketTests.m */,
				DD1909821A3B895300D2ABCB /* Supporting Files */,
			);
			path = Dr.PocketTests;
			sourceTree = "<group>";
		};
		DD1909821A3B895300D2ABCB /* Supporting Files */ = {
			isa = PBXGroup;
			children = (
				DD1909831A3B895300D2ABCB /* Info.plist */,
			);
			name = "Supporting Files";
			sourceTree = "<group>";
		};
/* End PBXGroup section */

/* Begin PBXNativeTarget section */
		DD1909641A3B895300D2ABCB /* Dr.Pocket */ = {
			isa = PBXNativeTarget;
			buildConfigurationList = DD1909881A3B895300D2ABCB /* Build configuration list for PBXNativeTarget "Dr.Pocket" */;
			buildPhases = (
				DD1909611A3B895300D2ABCB /* Sources */,
				DD1909621A3B895300D2ABCB /* Frameworks */,
				DD1909631A3B895300D2ABCB /* Resources */,
			);
			buildRules = (
			);
			dependencies = (
			);
			name = Dr.Pocket;
			productName = Dr.Pocket;
			productReference = DD1909651A3B895300D2ABCB /* Dr.Pocket.app */;
			productType = "com.apple.product-type.application";
		};
		DD19097D1A3B895300D2ABCB /* Dr.PocketTests */ = {
			isa = PBXNativeTarget;
			buildConfigurationList = DD19098B1A3B895300D2ABCB /* Build configuration list for PBXNativeTarget "Dr.PocketTests" */;
			buildPhases = (
				DD19097A1A3B895300D2ABCB /* Sources */,
				DD19097B1A3B895300D2ABCB /* Frameworks */,
				DD19097C1A3B895300D2ABCB /* Resources */,
			);
			buildRules = (
			);
			dependencies = (
				DD1909801A3B895300D2ABCB /* PBXTargetDependency */,
			);
			name = Dr.PocketTests;
			productName = Dr.PocketTests;
			productReference = DD19097E1A3B895300D2ABCB /* Dr.PocketTests.xctest */;
			productType = "com.apple.product-type.bundle.unit-test";
		};
/* End PBXNativeTarget section */

/* Begin PBXProject section */
		DD19095D1A3B895300D2ABCB /* Project object */ = {
			isa = PBXProject;
			attributes = {
				LastUpgradeCheck = 0610;
				ORGANIZATIONNAME = teamGHD;
				TargetAttributes = {
					DD1909641A3B895300D2ABCB = {
						CreatedOnToolsVersion = 6.1;
					};
					DD19097D1A3B895300D2ABCB = {
						CreatedOnToolsVersion = 6.1;
						TestTargetID = DD1909641A3B895300D2ABCB;
					};
				};
			};
			buildConfigurationList = DD1909601A3B895300D2ABCB /* Build configuration list for PBXProject "Dr.Pocket" */;
			compatibilityVersion = "Xcode 3.2";
			developmentRegion = English;
			hasScannedForEncodings = 0;
			knownRegions = (
				en,
				Base,
			);
			mainGroup = DD19095C1A3B895300D2ABCB;
			productRefGroup = DD1909661A3B895300D2ABCB /* Products */;
			projectDirPath = "";
			projectRoot = "";
			targets = (
				DD1909641A3B895300D2ABCB /* Dr.Pocket */,
				DD19097D1A3B895300D2ABCB /* Dr.PocketTests */,
			);
		};
/* End PBXProject section */

/* Begin PBXResourcesBuildPhase section */
		DD1909631A3B895300D2ABCB /* Resources */ = {
			isa = PBXResourcesBuildPhase;
			buildActionMask = 2147483647;
			files = (
				DD1909741A3B895300D2ABCB /* Main.storyboard in Resources */,
				DD1909791A3B895300D2ABCB /* LaunchScreen.xib in Resources */,
				DD1909761A3B895300D2ABCB /* Images.xcassets in Resources */,
			);
			runOnlyForDeploymentPostprocessing = 0;
		};
		DD19097C1A3B895300D2ABCB /* Resources */ = {
			isa = PBXResourcesBuildPhase;
			buildActionMask = 2147483647;
			files = (
			);
			runOnlyForDeploymentPostprocessing = 0;
		};
/* End PBXResourcesBuildPhase section */

/* Begin PBXSourcesBuildPhase section */
		DD1909611A3B895300D2ABCB /* Sources */ = {
			isa = PBXSourcesBuildPhase;
			buildActionMask = 2147483647;
			files = (
				DD1909711A3B895300D2ABCB /* ViewController.m in Sources */,
				DD19096E1A3B895300D2ABCB /* AppDelegate.m in Sources */,
				DD19096B1A3B895300D2ABCB /* main.m in Sources */,
			);
			runOnlyForDeploymentPostprocessing = 0;
		};
		DD19097A1A3B895300D2ABCB /* Sources */ = {
			isa = PBXSourcesBuildPhase;
			buildActionMask = 2147483647;
			files = (
				DD1909851A3B895300D2ABCB /* Dr_PocketTests.m in Sources */,
			);
			runOnlyForDeploymentPostprocessing = 0;
		};
/* End PBXSourcesBuildPhase section */

/* Begin PBXTargetDependency section */
		DD1909801A3B895300D2ABCB /* PBXTargetDependency */ = {
			isa = PBXTargetDependency;
			target = DD1909641A3B895300D2ABCB /* Dr.Pocket */;
			targetProxy = DD19097F1A3B895300D2ABCB /* PBXContainerItemProxy */;
		};
/* End PBXTargetDependency section */

/* Begin PBXVariantGroup section */
		DD1909721A3B895300D2ABCB /* Main.storyboard */ = {
			isa = PBXVariantGroup;
			children = (
				DD1909731A3B895300D2ABCB /* Base */,
			);
			name = Main.storyboard;
			sourceTree = "<group>";
		};
		DD1909771A3B895300D2ABCB /* LaunchScreen.xib */ = {
			isa = PBXVariantGroup;
			children = (
				DD1909781A3B895300D2ABCB /* Base */,
			);
			name = LaunchScreen.xib;
			sourceTree = "<group>";
		};
/* End PBXVariantGroup section */

/* Begin XCBuildConfiguration section */
		DD1909861A3B895300D2ABCB /* Debug */ = {
			isa = XCBuildConfiguration;
			buildSettings = {
				ALWAYS_SEARCH_USER_PATHS = NO;
				CLANG_CXX_LANGUAGE_STANDARD = "gnu++0x";
				CLANG_CXX_LIBRARY = "libc++";
				CLANG_ENABLE_MODULES = YES;
				CLANG_ENABLE_OBJC_ARC = YES;
				CLANG_WARN_BOOL_CONVERSION = YES;
				CLANG_WARN_CONSTANT_CONVERSION = YES;
				CLANG_WARN_DIRECT_OBJC_ISA_USAGE = YES_ERROR;
				CLANG_WARN_EMPTY_BODY = YES;
				CLANG_WARN_ENUM_CONVERSION = YES;
				CLANG_WARN_INT_CONVERSION = YES;
				CLANG_WARN_OBJC_ROOT_CLASS = YES_ERROR;
				CLANG_WARN_UNREACHABLE_CODE = YES;
				CLANG_WARN__DUPLICATE_METHOD_MATCH = YES;
				"CODE_SIGN_IDENTITY[sdk=iphoneos*]" = "iPhone Developer";
				COPY_PHASE_STRIP = NO;
				ENABLE_STRICT_OBJC_MSGSEND = YES;
				GCC_C_LANGUAGE_STANDARD = gnu99;
				GCC_DYNAMIC_NO_PIC = NO;
				GCC_OPTIMIZATION_LEVEL = 0;
				GCC_PREPROCESSOR_DEFINITIONS = (
					"DEBUG=1",
					"$(inherited)",
				);
				GCC_SYMBOLS_PRIVATE_EXTERN = NO;
				GCC_WARN_64_TO_32_BIT_CONVERSION = YES;
				GCC_WARN_ABOUT_RETURN_TYPE = YES_ERROR;
				GCC_WARN_UNDECLARED_SELECTOR = YES;
				GCC_WARN_UNINITIALIZED_AUTOS = YES_AGGRESSIVE;
				GCC_WARN_UNUSED_FUNCTION = YES;
				GCC_WARN_UNUSED_VARIABLE = YES;
				IPHONEOS_DEPLOYMENT_TARGET = 8.1;
				MTL_ENABLE_DEBUG_INFO = YES;
				ONLY_ACTIVE_ARCH = YES;
				SDKROOT = iphoneos;
			};
			name = Debug;
		};
		DD1909871A3B895300D2ABCB /* Release */ = {
			isa = XCBuildConfiguration;
			buildSettings = {
				ALWAYS_SEARCH_USER_PATHS = NO;
				CLANG_CXX_LANGUAGE_STANDARD = "gnu++0x";
				CLANG_CXX_LIBRARY = "libc++";
				CLANG_ENABLE_MODULES = YES;
				CLANG_ENABLE_OBJC_ARC = YES;
				CLANG_WARN_BOOL_CONVERSION = YES;
				CLANG_WARN_CONSTANT_CONVERSION = YES;
				CLANG_WARN_DIRECT_OBJC_ISA_USAGE = YES_ERROR;
				CLANG_WARN_EMPTY_BODY = YES;
				CLANG_WARN_ENUM_CONVERSION = YES;
				CLANG_WARN_INT_CONVERSION = YES;
				CLANG_WARN_OBJC_ROOT_CLASS = YES_ERROR;
				CLANG_WARN_UNREACHABLE_CODE = YES;
				CLANG_WARN__DUPLICATE_METHOD_MATCH = YES;
				"CODE_SIGN_IDENTITY[sdk=iphoneos*]" = "iPhone Developer";
				COPY_PHASE_STRIP = YES;
				ENABLE_NS_ASSERTIONS = NO;
				ENABLE_STRICT_OBJC_MSGSEND = YES;
				GCC_C_LANGUAGE_STANDARD = gnu99;
				GCC_WARN_64_TO_32_BIT_CONVERSION = YES;
				GCC_WARN_ABOUT_RETURN_TYPE = YES_ERROR;
				GCC_WARN_UNDECLARED_SELECTOR = YES;
				GCC_WARN_UNINITIALIZED_AUTOS = YES_AGGRESSIVE;
				GCC_WARN_UNUSED_FUNCTION = YES;
				GCC_WARN_UNUSED_VARIABLE = YES;
				IPHONEOS_DEPLOYMENT_TARGET = 8.1;
				MTL_ENABLE_DEBUG_INFO = NO;
				SDKROOT = iphoneos;
				VALIDATE_PRODUCT = YES;
			};
			name = Release;
		};
		DD1909891A3B895300D2ABCB /* Debug */ = {
			isa = XCBuildConfiguration;
			buildSettings = {
				ASSETCATALOG_COMPILER_APPICON_NAME = AppIcon;
				INFOPLIST_FILE = Dr.Pocket/Info.plist;
				LD_RUNPATH_SEARCH_PATHS = "$(inherited) @executable_path/Frameworks";
				PRODUCT_NAME = "$(TARGET_NAME)";
			};
			name = Debug;
		};
		DD19098A1A3B895300D2ABCB /* Release */ = {
			isa = XCBuildConfiguration;
			buildSettings = {
				ASSETCATALOG_COMPILER_APPICON_NAME = AppIcon;
				INFOPLIST_FILE = Dr.Pocket/Info.plist;
				LD_RUNPATH_SEARCH_PATHS = "$(inherited) @executable_path/Frameworks";
				PRODUCT_NAME = "$(TARGET_NAME)";
			};
			name = Release;
		};
		DD19098C1A3B895300D2ABCB /* Debug */ = {
			isa = XCBuildConfiguration;
			buildSettings = {
				BUNDLE_LOADER = "$(TEST_HOST)";
				FRAMEWORK_SEARCH_PATHS = (
					"$(SDKROOT)/Developer/Library/Frameworks",
					"$(inherited)",
				);
				GCC_PREPROCESSOR_DEFINITIONS = (
					"DEBUG=1",
					"$(inherited)",
				);
				INFOPLIST_FILE = Dr.PocketTests/Info.plist;
				LD_RUNPATH_SEARCH_PATHS = "$(inherited) @executable_path/Frameworks @loader_path/Frameworks";
				PRODUCT_NAME = "$(TARGET_NAME)";
				TEST_HOST = "$(BUILT_PRODUCTS_DIR)/Dr.Pocket.app/Dr.Pocket";
			};
			name = Debug;
		};
		DD19098D1A3B895300D2ABCB /* Release */ = {
			isa = XCBuildConfiguration;
			buildSettings = {
				BUNDLE_LOADER = "$(TEST_HOST)";
				FRAMEWORK_SEARCH_PATHS = (
					"$(SDKROOT)/Developer/Library/Frameworks",
					"$(inherited)",
				);
				INFOPLIST_FILE = Dr.PocketTests/Info.plist;
				LD_RUNPATH_SEARCH_PATHS = "$(inherited) @executable_path/Frameworks @loader_path/Frameworks";
				PRODUCT_NAME = "$(TARGET_NAME)";
				TEST_HOST = "$(BUILT_PRODUCTS_DIR)/Dr.Pocket.app/Dr.Pocket";
			};
			name = Release;
		};
/* End XCBuildConfiguration section */

/* Begin XCConfigurationList section */
		DD1909601A3B895300D2ABCB /* Build configuration list for PBXProject "Dr.Pocket" */ = {
			isa = XCConfigurationList;
			buildConfigurations = (
				DD1909861A3B895300D2ABCB /* Debug */,
				DD1909871A3B895300D2ABCB /* Release */,
			);
			defaultConfigurationIsVisible = 0;
			defaultConfigurationName = Release;
		};
		DD1909881A3B895300D2ABCB /* Build configuration list for PBXNativeTarget "Dr.Pocket" */ = {
			isa = XCConfigurationList;
			buildConfigurations = (
				DD1909891A3B895300D2ABCB /* Debug */,
				DD19098A1A3B895300D2ABCB /* Release */,
			);
			defaultConfigurationIsVisible = 0;
		};
		DD19098B1A3B895300D2ABCB /* Build configuration list for PBXNativeTarget "Dr.PocketTests" */ = {
			isa = XCConfigurationList;
			buildConfigurations = (
				DD19098C1A3B895300D2ABCB /* Debug */,
				DD19098D1A3B895300D2ABCB /* Release */,
			);
			defaultConfigurationIsVisible = 0;
		};
/* End XCConfigurationList section */
	};
	rootObject = DD19095D1A3B895300D2ABCB /* Project object */;
}
